{
  "name": "backend",
  "version": "1.0.0",
  "lockfileVersion": 3,
  "requires": true,
  "packages": {
    "": {
      "name": "backend",
      "version": "1.0.0",
      "license": "ISC",
      "dependencies": {
        "avsc": "^5.7.8",
        "kafkajs": "^2.2.4"
      }
    },
    "node_modules/avsc": {
      "version": "5.7.8",
      "resolved": "https://registry.npmjs.org/avsc/-/avsc-5.7.8.tgz",
      "integrity": "sha512-6SyyCw6XzdiNrkJ3UF9dIj0cVexNQAGxwjZ69CRgEneBxdDKjjc2IdfEJD11iP4BfwQWrL8HwR04bx/Y3uUNEA==",
      "license": "MIT",
      "engines": {
        "node": ">=0.11"
      }
    },
    "node_modules/kafkajs": {
      "version": "2.2.4",
      "resolved": "https://registry.npmjs.org/kafkajs/-/kafkajs-2.2.4.tgz",
      "integrity": "sha512-j/YeapB1vfPT2iOIUn/vxdyKEuhuY2PxMBvf5JWux6iSaukAccrMtXEY/Lb7OvavDhOWME589bpLrEdnVHjfjA==",
      "license": "MIT",
      "engines": {
        "node": ">=14.0.0"
      }
    }
  }
}
